<?xml version="1.0" encoding="utf-8"?>
<Project ToolsVersion="4.0" xmlns="http://schemas.microsoft.com/developer/msbuild/2003">
  <ItemGroup>
    <Filter Include="リソース ファイル">
      <UniqueIdentifier>{67DA6AB6-F800-4c08-8B7A-83BB121AAD01}</UniqueIdentifier>
      <Extensions>rc;ico;cur;bmp;dlg;rc2;rct;bin;rgs;gif;jpg;jpeg;jpe;resx;tiff;tif;png;wav;mfcribbon-ms</Extensions>
    </Filter>
    <Filter Include="01Engine">
      <UniqueIdentifier>{e5fccdcb-f299-4448-bdb6-01fa28039576}</UniqueIdentifier>
    </Filter>
    <Filter Include="01Engine\Collider">
      <UniqueIdentifier>{7f19ecfb-5d70-4d31-a1f7-c9dd14bad324}</UniqueIdentifier>
    </Filter>
    <Filter Include="01Engine\DirectX">
      <UniqueIdentifier>{e56f8c9a-95a5-4ceb-b65f-5b8e572d087b}</UniqueIdentifier>
    </Filter>
    <Filter Include="01Engine\GameObject">
      <UniqueIdentifier>{b450e438-c939-4b05-b319-0e3c0b4a335c}</UniqueIdentifier>
    </Filter>
    <Filter Include="01Engine\ResourceManager">
      <UniqueIdentifier>{bedee914-5063-4c08-95bb-79c861b4969c}</UniqueIdentifier>
    </Filter>
    <Filter Include="02Shader">
      <UniqueIdentifier>{47a6a3f5-8cfd-436b-8d58-beccd108f3f3}</UniqueIdentifier>
      <Extensions>hlsl</Extensions>
    </Filter>
    <Filter Include="Scene">
      <UniqueIdentifier>{3bbc3de5-e4a7-4cdc-9831-ed3be1939c53}</UniqueIdentifier>
    </Filter>
    <Filter Include="StageObject">
      <UniqueIdentifier>{fe0fd6a6-0d18-4fd8-a6c6-afd6c9f6cf9b}</UniqueIdentifier>
    </Filter>
    <Filter Include="StageObject\BackGround">
      <UniqueIdentifier>{a830eaef-1bb3-450d-bfa7-9c9a1916b5d4}</UniqueIdentifier>
    </Filter>
    <Filter Include="StageObject\Character">
      <UniqueIdentifier>{c0dadda8-4af9-48eb-a599-a0120ea5690c}</UniqueIdentifier>
    </Filter>
    <Filter Include="StageObject\Timer">
      <UniqueIdentifier>{671f600c-3ffd-46cd-b9ab-f035391ab79f}</UniqueIdentifier>
    </Filter>
    <Filter Include="StageObject\Score">
      <UniqueIdentifier>{f4a7fd74-f28b-426e-977b-c3346db9cd21}</UniqueIdentifier>
    </Filter>
    <Filter Include="StageObject\Gauge">
      <UniqueIdentifier>{1848743a-3445-472c-b19b-b38505a1a110}</UniqueIdentifier>
    </Filter>
  </ItemGroup>
  <ItemGroup>
    <ClCompile Include="Engine\BoxCollider.cpp">
      <Filter>01Engine\Collider</Filter>
    </ClCompile>
    <ClCompile Include="Engine\Collider.cpp">
      <Filter>01Engine\Collider</Filter>
    </ClCompile>
    <ClCompile Include="Engine\SphereCollider.cpp">
      <Filter>01Engine\Collider</Filter>
    </ClCompile>
    <ClCompile Include="Engine\Direct3D.cpp">
      <Filter>01Engine\DirectX</Filter>
    </ClCompile>
    <ClCompile Include="Engine\Fbx.cpp">
      <Filter>01Engine\DirectX</Filter>
    </ClCompile>
    <ClCompile Include="Engine\FbxParts.cpp">
      <Filter>01Engine\DirectX</Filter>
    </ClCompile>
    <ClCompile Include="Engine\Input.cpp">
      <Filter>01Engine\DirectX</Filter>
    </ClCompile>
    <ClCompile Include="Engine\Sprite.cpp">
      <Filter>01Engine\DirectX</Filter>
    </ClCompile>
    <ClCompile Include="Engine\Camera.cpp">
      <Filter>01Engine\GameObject</Filter>
    </ClCompile>
    <ClCompile Include="Engine\GameObject.cpp">
      <Filter>01Engine\GameObject</Filter>
    </ClCompile>
    <ClCompile Include="Engine\RootObject.cpp">
      <Filter>01Engine\GameObject</Filter>
    </ClCompile>
    <ClCompile Include="Engine\CsvReader.cpp">
      <Filter>01Engine\ResourceManager</Filter>
    </ClCompile>
    <ClCompile Include="Engine\Image.cpp">
      <Filter>01Engine\ResourceManager</Filter>
    </ClCompile>
    <ClCompile Include="Engine\Model.cpp">
      <Filter>01Engine\ResourceManager</Filter>
    </ClCompile>
    <ClCompile Include="Engine\Main.cpp">
      <Filter>01Engine</Filter>
    </ClCompile>
    <ClCompile Include="Engine\SceneManager.cpp">
      <Filter>01Engine</Filter>
    </ClCompile>
    <ClCompile Include="Engine\Texture.cpp">
      <Filter>01Engine\DirectX</Filter>
    </ClCompile>
    <ClCompile Include="Engine\Transform.cpp">
      <Filter>01Engine\GameObject</Filter>
    </ClCompile>
    <ClCompile Include="Engine\Audio.cpp">
      <Filter>01Engine\ResourceManager</Filter>
    </ClCompile>
    <ClCompile Include="Engine\Text.cpp">
      <Filter>01Engine\ResourceManager</Filter>
    </ClCompile>
    <ClCompile Include="Engine\Debug.cpp">
      <Filter>01Engine\ResourceManager</Filter>
    </ClCompile>
    <ClCompile Include="Engine\BillBoard.cpp">
      <Filter>01Engine\DirectX</Filter>
    </ClCompile>
    <ClCompile Include="Engine\VFX.cpp">
      <Filter>01Engine\ResourceManager</Filter>
    </ClCompile>
    <ClCompile Include="Scene\Scene_Play.cpp">
      <Filter>Scene</Filter>
    </ClCompile>
    <ClCompile Include="StageObject\BackGround\bg_Stage1.cpp">
      <Filter>StageObject\BackGround</Filter>
    </ClCompile>
    <ClCompile Include="StageObject\Character\Chara_Player.cpp">
      <Filter>StageObject\Character</Filter>
    </ClCompile>
    <ClCompile Include="StageObject\Attack\Bullet.cpp" />
    <ClCompile Include="StageObject\Character\Enemy\Chara_Enemy.cpp">
      <Filter>StageObject\Character</Filter>
    </ClCompile>
    <ClCompile Include="StageObject\Attack\EM_Bullet.cpp" />
    <ClCompile Include="StageObject\BackGround\bg_ScoreBoard.cpp">
      <Filter>StageObject\BackGround</Filter>
    </ClCompile>
    <ClCompile Include="StageObject\Timer\Timer.cpp">
      <Filter>StageObject\Timer</Filter>
    </ClCompile>
    <ClCompile Include="StageObject\Score\Score.cpp" />
    <ClCompile Include="StageObject\Attack\Big_Bullet.cpp" />
    <ClCompile Include="StageObject\Gauge\Boss_HpGauge.cpp" />
  </ItemGroup>
  <ItemGroup>
    <ClInclude Include="Engine\BoxCollider.h">
      <Filter>01Engine\Collider</Filter>
    </ClInclude>
    <ClInclude Include="Engine\Collider.h">
      <Filter>01Engine\Collider</Filter>
    </ClInclude>
    <ClInclude Include="Engine\SphereCollider.h">
      <Filter>01Engine\Collider</Filter>
    </ClInclude>
    <ClInclude Include="Engine\Direct3D.h">
      <Filter>01Engine\DirectX</Filter>
    </ClInclude>
    <ClInclude Include="Engine\Fbx.h">
      <Filter>01Engine\DirectX</Filter>
    </ClInclude>
    <ClInclude Include="Engine\FbxParts.h">
      <Filter>01Engine\DirectX</Filter>
    </ClInclude>
    <ClInclude Include="Engine\Input.h">
      <Filter>01Engine\DirectX</Filter>
    </ClInclude>
    <ClInclude Include="Engine\Sprite.h">
      <Filter>01Engine\DirectX</Filter>
    </ClInclude>
    <ClInclude Include="Engine\Camera.h">
      <Filter>01Engine\GameObject</Filter>
    </ClInclude>
    <ClInclude Include="Engine\GameObject.h">
      <Filter>01Engine\GameObject</Filter>
    </ClInclude>
    <ClInclude Include="Engine\RootObject.h">
      <Filter>01Engine\GameObject</Filter>
    </ClInclude>
    <ClInclude Include="Engine\CsvReader.h">
      <Filter>01Engine\ResourceManager</Filter>
    </ClInclude>
    <ClInclude Include="Engine\Image.h">
      <Filter>01Engine\ResourceManager</Filter>
    </ClInclude>
    <ClInclude Include="Engine\Model.h">
      <Filter>01Engine\ResourceManager</Filter>
    </ClInclude>
    <ClInclude Include="Engine\Global.h">
      <Filter>01Engine</Filter>
    </ClInclude>
    <ClInclude Include="Engine\SceneManager.h">
      <Filter>01Engine</Filter>
    </ClInclude>
    <ClInclude Include="Engine\Texture.h">
      <Filter>01Engine\DirectX</Filter>
    </ClInclude>
    <ClInclude Include="Engine\Transform.h">
      <Filter>01Engine\GameObject</Filter>
    </ClInclude>
    <ClInclude Include="Engine\Audio.h">
      <Filter>01Engine\ResourceManager</Filter>
    </ClInclude>
    <ClInclude Include="Engine\Text.h">
      <Filter>01Engine\ResourceManager</Filter>
    </ClInclude>
    <ClInclude Include="Engine\Debug.h">
      <Filter>01Engine\ResourceManager</Filter>
    </ClInclude>
    <ClInclude Include="Engine\BillBoard.h">
      <Filter>01Engine\DirectX</Filter>
    </ClInclude>
    <ClInclude Include="Engine\VFX.h">
      <Filter>01Engine\ResourceManager</Filter>
    </ClInclude>
    <ClInclude Include="Scene\Scene_Play.h">
      <Filter>Scene</Filter>
    </ClInclude>
    <ClInclude Include="StageObject\BackGround\bg_Stage1.h">
      <Filter>StageObject\BackGround</Filter>
    </ClInclude>
    <ClInclude Include="StageObject\Character\Chara_Player.h">
      <Filter>StageObject\Character</Filter>
    </ClInclude>
    <ClInclude Include="StageObject\Attack\Bullet.h" />
    <ClInclude Include="StageObject\Character\Enemy\Chara_Enemy.h">
      <Filter>StageObject\Character</Filter>
    </ClInclude>
    <ClInclude Include="StageObject\Attack\EM_Bullet.h" />
    <ClInclude Include="StageObject\BackGround\bg_ScoreBoard.h">
      <Filter>StageObject\BackGround</Filter>
    </ClInclude>
    <ClInclude Include="StageObject\Timer\Timer.h">
      <Filter>StageObject\Timer</Filter>
    </ClInclude>
    <ClInclude Include="StageObject\Score\Score.h" />
    <ClInclude Include="StageObject\Attack\Big_Bullet.h" />
    <ClInclude Include="StageObject\Gauge\Boss_HpGauge.h" />
  </ItemGroup>
  <ItemGroup>
    <FxCompile Include="Assets\Shader\Simple2D.hlsl">
      <Filter>02Shader</Filter>
    </FxCompile>
    <FxCompile Include="Assets\Shader\Simple3D.hlsl">
      <Filter>02Shader</Filter>
    </FxCompile>
    <FxCompile Include="Assets\Shader\Debug3D.hlsl">
      <Filter>02Shader</Filter>
    </FxCompile>
    <FxCompile Include="Assets\Shader\BillBoard.hlsl">
      <Filter>02Shader</Filter>
    </FxCompile>
  </ItemGroup>
</Project>